
Microsoft Visual Studio Solution File, Format Version 12.00
# Visual Studio Version 16
VisualStudioVersion = 16.0.31019.35
MinimumVisualStudioVersion = 10.0.40219.1
Project("{FAE04EC0-301F-11D3-BF4B-00C04F79EFBC}") = "Ex03.GarageLogic", "Ex03.GarageLogic\Ex03.GarageLogic.csproj", "{695EA653-C53F-4074-9E4D-43755A3A8C35}"
EndProject
Project("{FAE04EC0-301F-11D3-BF4B-00C04F79EFBC}") = "Ex03.ConsoleUI", "Ex03.ConsoleUI\Ex03.ConsoleUI.csproj", "{BAD68363-7A02-47B7-85F0-C4CCAE6946E7}"
EndProject
Global
	GlobalSection(SolutionConfigurationPlatforms) = preSolution
		Debug|Any CPU = Debug|Any CPU
		Release|Any CPU = Release|Any CPU
	EndGlobalSection
	GlobalSection(ProjectConfigurationPlatforms) = postSolution
		{695EA653-C53F-4074-9E4D-43755A3A8C35}.Debug|Any CPU.ActiveCfg = Debug|Any CPU
		{695EA653-C53F-4074-9E4D-43755A3A8C35}.Debug|Any CPU.Build.0 = Debug|Any CPU
		{695EA653-C53F-4074-9E4D-43755A3A8C35}.Release|Any CPU.ActiveCfg = Release|Any CPU
		{695EA653-C53F-4074-9E4D-43755A3A8C35}.Release|Any CPU.Build.0 = Release|Any CPU
		{BAD68363-7A02-47B7-85F0-C4CCAE6946E7}.Debug|Any CPU.ActiveCfg = Debug|Any CPU
		{BAD68363-7A02-47B7-85F0-C4CCAE6946E7}.Debug|Any CPU.Build.0 = Debug|Any CPU
		{BAD68363-7A02-47B7-85F0-C4CCAE6946E7}.Release|Any CPU.ActiveCfg = Release|Any CPU
		{BAD68363-7A02-47B7-85F0-C4CCAE6946E7}.Release|Any CPU.Build.0 = Release|Any CPU
	EndGlobalSection
	GlobalSection(SolutionProperties) = preSolution
		HideSolutionNode = FALSE
	EndGlobalSection
	GlobalSection(ExtensibilityGlobals) = postSolution
		SolutionGuid = {F9991ED9-2120-4620-B605-D206135F1C4C}
	EndGlobalSection
EndGlobal
